
Microsoft Visual Studio Solution File, Format Version 12.00
# Visual Studio 2012
Project("{FAE04EC0-301F-11D3-BF4B-00C04F79EFBC}") = "PhotoBook", "PhotoBook\PhotoBook.csproj", "{FE62290B-68AF-46AC-A0CC-9C265E1A7A29}"
EndProject
Project("{2150E333-8FDC-42A3-9474-1A3956D46DE8}") = ".nuget", ".nuget", "{1D350E2E-B127-4A2B-87A5-7C7DEE73C67C}"
	ProjectSection(SolutionItems) = preProject
		.nuget\NuGet.Config = .nuget\NuGet.Config
		.nuget\NuGet.exe = .nuget\NuGet.exe
		.nuget\NuGet.targets = .nuget\NuGet.targets
	EndProjectSection
EndProject
Project("{FAE04EC0-301F-11D3-BF4B-00C04F79EFBC}") = "PhotoBook.Entities", "PhotoBook.Entities\PhotoBook.Entities.csproj", "{EA9114DF-A0A3-4D05-8CD9-A5E2F878985F}"
EndProject
Project("{FAE04EC0-301F-11D3-BF4B-00C04F79EFBC}") = "PhotoBook.DAL", "PhotoBook.DAL\PhotoBook.DAL.csproj", "{46D68778-656B-49E4-9DC0-C30B1F744EC5}"
EndProject
Global
	GlobalSection(SolutionConfigurationPlatforms) = preSolution
		Debug|Any CPU = Debug|Any CPU
		Release|Any CPU = Release|Any CPU
	EndGlobalSection
	GlobalSection(ProjectConfigurationPlatforms) = postSolution
		{FE62290B-68AF-46AC-A0CC-9C265E1A7A29}.Debug|Any CPU.ActiveCfg = Debug|Any CPU
		{FE62290B-68AF-46AC-A0CC-9C265E1A7A29}.Debug|Any CPU.Build.0 = Debug|Any CPU
		{FE62290B-68AF-46AC-A0CC-9C265E1A7A29}.Release|Any CPU.ActiveCfg = Release|Any CPU
		{FE62290B-68AF-46AC-A0CC-9C265E1A7A29}.Release|Any CPU.Build.0 = Release|Any CPU
		{EA9114DF-A0A3-4D05-8CD9-A5E2F878985F}.Debug|Any CPU.ActiveCfg = Debug|Any CPU
		{EA9114DF-A0A3-4D05-8CD9-A5E2F878985F}.Debug|Any CPU.Build.0 = Debug|Any CPU
		{EA9114DF-A0A3-4D05-8CD9-A5E2F878985F}.Release|Any CPU.ActiveCfg = Release|Any CPU
		{EA9114DF-A0A3-4D05-8CD9-A5E2F878985F}.Release|Any CPU.Build.0 = Release|Any CPU
		{46D68778-656B-49E4-9DC0-C30B1F744EC5}.Debug|Any CPU.ActiveCfg = Debug|Any CPU
		{46D68778-656B-49E4-9DC0-C30B1F744EC5}.Debug|Any CPU.Build.0 = Debug|Any CPU
		{46D68778-656B-49E4-9DC0-C30B1F744EC5}.Release|Any CPU.ActiveCfg = Release|Any CPU
		{46D68778-656B-49E4-9DC0-C30B1F744EC5}.Release|Any CPU.Build.0 = Release|Any CPU
	EndGlobalSection
	GlobalSection(SolutionProperties) = preSolution
		HideSolutionNode = FALSE
	EndGlobalSection
EndGlobal
